
Microsoft Visual Studio Solution File, Format Version 12.00
# Visual Studio Version 17
VisualStudioVersion = 17.11.35208.52
MinimumVisualStudioVersion = 10.0.40219.1
Project("{9A19103F-16F7-4668-BE54-9A1E7A4F7556}") = "CadastroAPI", "CadastroAPI\CadastroAPI.csproj", "{87C99C9F-E3E3-4E61-864C-BB9DD4F8ED45}"
EndProject
Project("{9A19103F-16F7-4668-BE54-9A1E7A4F7556}") = "CadastroAPI.Models", "CadastroAPI.Models\CadastroAPI.Models.csproj", "{849ACB1A-A417-4FBC-8F48-07A98597D63B}"
EndProject
Project("{9A19103F-16F7-4668-BE54-9A1E7A4F7556}") = "CadastroAPI.Repository", "CadastroAPI.Repository\CadastroAPI.Repository.csproj", "{43CB394C-CD84-41C5-9721-E97FFAE7C598}"
EndProject
Project("{2150E333-8FDC-42A3-9474-1A3956D46DE8}") = "src", "src", "{B15D26AF-F531-4A8B-888F-BD83A2122866}"
EndProject
Project("{00D1A9C2-B5F0-4AF3-8072-F6C62B433612}") = "CadastroSQL", "CadastroSQL\CadastroSQL.sqlproj", "{2B554925-A009-48E3-935E-D50C7108A14B}"
EndProject
Global
	GlobalSection(SolutionConfigurationPlatforms) = preSolution
		Debug|Any CPU = Debug|Any CPU
		Release|Any CPU = Release|Any CPU
	EndGlobalSection
	GlobalSection(ProjectConfigurationPlatforms) = postSolution
		{87C99C9F-E3E3-4E61-864C-BB9DD4F8ED45}.Debug|Any CPU.ActiveCfg = Debug|Any CPU
		{87C99C9F-E3E3-4E61-864C-BB9DD4F8ED45}.Debug|Any CPU.Build.0 = Debug|Any CPU
		{87C99C9F-E3E3-4E61-864C-BB9DD4F8ED45}.Release|Any CPU.ActiveCfg = Release|Any CPU
		{87C99C9F-E3E3-4E61-864C-BB9DD4F8ED45}.Release|Any CPU.Build.0 = Release|Any CPU
		{849ACB1A-A417-4FBC-8F48-07A98597D63B}.Debug|Any CPU.ActiveCfg = Debug|Any CPU
		{849ACB1A-A417-4FBC-8F48-07A98597D63B}.Debug|Any CPU.Build.0 = Debug|Any CPU
		{849ACB1A-A417-4FBC-8F48-07A98597D63B}.Release|Any CPU.ActiveCfg = Release|Any CPU
		{849ACB1A-A417-4FBC-8F48-07A98597D63B}.Release|Any CPU.Build.0 = Release|Any CPU
		{43CB394C-CD84-41C5-9721-E97FFAE7C598}.Debug|Any CPU.ActiveCfg = Debug|Any CPU
		{43CB394C-CD84-41C5-9721-E97FFAE7C598}.Debug|Any CPU.Build.0 = Debug|Any CPU
		{43CB394C-CD84-41C5-9721-E97FFAE7C598}.Release|Any CPU.ActiveCfg = Release|Any CPU
		{43CB394C-CD84-41C5-9721-E97FFAE7C598}.Release|Any CPU.Build.0 = Release|Any CPU
		{2B554925-A009-48E3-935E-D50C7108A14B}.Debug|Any CPU.ActiveCfg = Debug|Any CPU
		{2B554925-A009-48E3-935E-D50C7108A14B}.Debug|Any CPU.Build.0 = Debug|Any CPU
		{2B554925-A009-48E3-935E-D50C7108A14B}.Debug|Any CPU.Deploy.0 = Debug|Any CPU
		{2B554925-A009-48E3-935E-D50C7108A14B}.Release|Any CPU.ActiveCfg = Release|Any CPU
		{2B554925-A009-48E3-935E-D50C7108A14B}.Release|Any CPU.Build.0 = Release|Any CPU
		{2B554925-A009-48E3-935E-D50C7108A14B}.Release|Any CPU.Deploy.0 = Release|Any CPU
	EndGlobalSection
	GlobalSection(SolutionProperties) = preSolution
		HideSolutionNode = FALSE
	EndGlobalSection
	GlobalSection(NestedProjects) = preSolution
		{87C99C9F-E3E3-4E61-864C-BB9DD4F8ED45} = {B15D26AF-F531-4A8B-888F-BD83A2122866}
		{849ACB1A-A417-4FBC-8F48-07A98597D63B} = {B15D26AF-F531-4A8B-888F-BD83A2122866}
		{43CB394C-CD84-41C5-9721-E97FFAE7C598} = {B15D26AF-F531-4A8B-888F-BD83A2122866}
	EndGlobalSection
	GlobalSection(ExtensibilityGlobals) = postSolution
		SolutionGuid = {657D5623-3F85-43C2-BD87-D0E839E1975C}
	EndGlobalSection
EndGlobal
